
Microsoft Visual Studio Solution File, Format Version 12.00
# Visual Studio Version 16
VisualStudioVersion = 16.0.31321.278
MinimumVisualStudioVersion = 10.0.40219.1
Project("{FAE04EC0-301F-11D3-BF4B-00C04F79EFBC}") = "Examen2daUnidad", "Examen2daUnidad\Examen2daUnidad.csproj", "{12B9C254-F62F-4D3F-AAA3-6A1940655D30}"
EndProject
Global
	GlobalSection(SolutionConfigurationPlatforms) = preSolution
		Debug|Any CPU = Debug|Any CPU
		Release|Any CPU = Release|Any CPU
	EndGlobalSection
	GlobalSection(ProjectConfigurationPlatforms) = postSolution
		{12B9C254-F62F-4D3F-AAA3-6A1940655D30}.Debug|Any CPU.ActiveCfg = Debug|Any CPU
		{12B9C254-F62F-4D3F-AAA3-6A1940655D30}.Debug|Any CPU.Build.0 = Debug|Any CPU
		{12B9C254-F62F-4D3F-AAA3-6A1940655D30}.Release|Any CPU.ActiveCfg = Release|Any CPU
		{12B9C254-F62F-4D3F-AAA3-6A1940655D30}.Release|Any CPU.Build.0 = Release|Any CPU
	EndGlobalSection
	GlobalSection(SolutionProperties) = preSolution
		HideSolutionNode = FALSE
	EndGlobalSection
	GlobalSection(ExtensibilityGlobals) = postSolution
		SolutionGuid = {AB1047F4-4516-4A95-B4DD-157BBB13B725}
	EndGlobalSection
EndGlobal
